// !$*UTF8*$!
{
	archiveVersion = 1;
	classes = {
	};
	objectVersion = 46;
	objects = {

/* Begin PBXBuildFile section */
		2473336723C5269A006EED9E /* ScrollViewController.m in Sources */ = {isa = PBXBuildFile; fileRef = 2473336623C5269A006EED9E /* ScrollViewController.m */; };
		2473336B23C531A8006EED9E /* ViewController+API2.m in Sources */ = {isa = PBXBuildFile; fileRef = 2473336A23C531A8006EED9E /* ViewController+API2.m */; };
		2473337223CA1F61006EED9E /* NSLayoutConstraint+XALK.m in Sources */ = {isa = PBXBuildFile; fileRef = 2473337123CA1F61006EED9E /* NSLayoutConstraint+XALK.m */; };
		24799C3019FF937F009250EC /* main.m in Sources */ = {isa = PBXBuildFile; fileRef = 24799C2F19FF937F009250EC /* main.m */; };
		24799C3319FF937F009250EC /* AppDelegate.m in Sources */ = {isa = PBXBuildFile; fileRef = 24799C3219FF937F009250EC /* AppDelegate.m */; };
		24799C3619FF937F009250EC /* ViewController.m in Sources */ = {isa = PBXBuildFile; fileRef = 24799C3519FF937F009250EC /* ViewController.m */; };
		24799C3919FF937F009250EC /* Main.storyboard in Resources */ = {isa = PBXBuildFile; fileRef = 24799C3719FF937F009250EC /* Main.storyboard */; };
		24799C3B19FF937F009250EC /* Images.xcassets in Resources */ = {isa = PBXBuildFile; fileRef = 24799C3A19FF937F009250EC /* Images.xcassets */; };
		24799C3E19FF937F009250EC /* LaunchScreen.xib in Resources */ = {isa = PBXBuildFile; fileRef = 24799C3C19FF937F009250EC /* LaunchScreen.xib */; };
		24799C4A19FF937F009250EC /* DemoTests.m in Sources */ = {isa = PBXBuildFile; fileRef = 24799C4919FF937F009250EC /* DemoTests.m */; };
		24799C5319FF93B5009250EC /* XAutoLayoutKit.m in Sources */ = {isa = PBXBuildFile; fileRef = 24799C5219FF93B5009250EC /* XAutoLayoutKit.m */; };
		248EA577238D7626006EED9E /* ViewController.swift in Sources */ = {isa = PBXBuildFile; fileRef = 248EA576238D7626006EED9E /* ViewController.swift */; };
		7439C0EB1A84D73D006AB07F /* XAutoLayoutKit.m in Sources */ = {isa = PBXBuildFile; fileRef = 24799C5219FF93B5009250EC /* XAutoLayoutKit.m */; };
		74944FE41A84742C00F6FEFB /* main.m in Sources */ = {isa = PBXBuildFile; fileRef = 74944FE31A84742C00F6FEFB /* main.m */; };
		74944FE71A84742C00F6FEFB /* AppDelegate.m in Sources */ = {isa = PBXBuildFile; fileRef = 74944FE61A84742C00F6FEFB /* AppDelegate.m */; };
		74944FEA1A84742C00F6FEFB /* ViewController.m in Sources */ = {isa = PBXBuildFile; fileRef = 74944FE91A84742C00F6FEFB /* ViewController.m */; };
		74944FED1A84742C00F6FEFB /* Main.storyboard in Resources */ = {isa = PBXBuildFile; fileRef = 74944FEB1A84742C00F6FEFB /* Main.storyboard */; };
		74944FEF1A84742C00F6FEFB /* Images.xcassets in Resources */ = {isa = PBXBuildFile; fileRef = 74944FEE1A84742C00F6FEFB /* Images.xcassets */; };
		74944FF21A84742C00F6FEFB /* LaunchScreen.xib in Resources */ = {isa = PBXBuildFile; fileRef = 74944FF01A84742C00F6FEFB /* LaunchScreen.xib */; };
		74944FFE1A84742C00F6FEFB /* DemoStoryBoardTests.m in Sources */ = {isa = PBXBuildFile; fileRef = 74944FFD1A84742C00F6FEFB /* DemoStoryBoardTests.m */; };
		749F233723ED7264000D6559 /* XAutoLayoutKit.framework in Frameworks */ = {isa = PBXBuildFile; fileRef = 749F232E23ED7264000D6559 /* XAutoLayoutKit.framework */; };
		749F233E23ED7264000D6559 /* XAutoLayoutKitTests.m in Sources */ = {isa = PBXBuildFile; fileRef = 749F233D23ED7264000D6559 /* XAutoLayoutKitTests.m */; };
		749F234323ED7264000D6559 /* XAutoLayoutKit.framework in Frameworks */ = {isa = PBXBuildFile; fileRef = 749F232E23ED7264000D6559 /* XAutoLayoutKit.framework */; };
		749F234523ED7264000D6559 /* XAutoLayoutKit.framework in Embed Frameworks */ = {isa = PBXBuildFile; fileRef = 749F232E23ED7264000D6559 /* XAutoLayoutKit.framework */; settings = {ATTRIBUTES = (CodeSignOnCopy, RemoveHeadersOnCopy, ); }; };
		749F234C23ED726D000D6559 /* XAutoLayoutKit.m in Sources */ = {isa = PBXBuildFile; fileRef = 24799C5219FF93B5009250EC /* XAutoLayoutKit.m */; };
		749F234D23ED726D000D6559 /* XAutoLayoutBinder.m in Sources */ = {isa = PBXBuildFile; fileRef = 74B9691C239F94C2006B3A74 /* XAutoLayoutBinder.m */; };
		749F234E23ED726D000D6559 /* NSLayoutConstraint+XALK.m in Sources */ = {isa = PBXBuildFile; fileRef = 2473337123CA1F61006EED9E /* NSLayoutConstraint+XALK.m */; };
		749F235923ED8934000D6559 /* XAutoLayoutBinder.m in Sources */ = {isa = PBXBuildFile; fileRef = 749F235223ED8934000D6559 /* XAutoLayoutBinder.m */; };
		749F235A23ED8934000D6559 /* NSLayoutConstraint+XALK.m in Sources */ = {isa = PBXBuildFile; fileRef = 749F235323ED8934000D6559 /* NSLayoutConstraint+XALK.m */; };
		749F235B23ED8934000D6559 /* XAutoLayoutKit.h in Headers */ = {isa = PBXBuildFile; fileRef = 749F235423ED8934000D6559 /* XAutoLayoutKit.h */; settings = {ATTRIBUTES = (Public, ); }; };
		749F235C23ED8934000D6559 /* XAutoLayoutBinder.h in Headers */ = {isa = PBXBuildFile; fileRef = 749F235523ED8934000D6559 /* XAutoLayoutBinder.h */; settings = {ATTRIBUTES = (Public, ); }; };
		749F235D23ED8934000D6559 /* XAutoLayoutBinder+Private.h in Headers */ = {isa = PBXBuildFile; fileRef = 749F235623ED8934000D6559 /* XAutoLayoutBinder+Private.h */; };
		749F235E23ED8934000D6559 /* XAutoLayoutKit.m in Sources */ = {isa = PBXBuildFile; fileRef = 749F235723ED8934000D6559 /* XAutoLayoutKit.m */; };
		749F235F23ED8934000D6559 /* NSLayoutConstraint+XALK.h in Headers */ = {isa = PBXBuildFile; fileRef = 749F235823ED8934000D6559 /* NSLayoutConstraint+XALK.h */; settings = {ATTRIBUTES = (Public, ); }; };
		74B9691D239F94C2006B3A74 /* XAutoLayoutBinder.m in Sources */ = {isa = PBXBuildFile; fileRef = 74B9691C239F94C2006B3A74 /* XAutoLayoutBinder.m */; };
		74DF638024C9342500B0E139 /* ViewController+OldAPI.m in Sources */ = {isa = PBXBuildFile; fileRef = 74DF637F24C9342500B0E139 /* ViewController+OldAPI.m */; };
		74DF638324C934C200B0E139 /* ViewController+API3.m in Sources */ = {isa = PBXBuildFile; fileRef = 74DF638224C934C200B0E139 /* ViewController+API3.m */; };
/* End PBXBuildFile section */

/* Begin PBXContainerItemProxy section */
		24799C4419FF937F009250EC /* PBXContainerItemProxy */ = {
			isa = PBXContainerItemProxy;
			containerPortal = 24799C1F19FF92F0009250EC /* Project object */;
			proxyType = 1;
			remoteGlobalIDString = 24799C2919FF937F009250EC;
			remoteInfo = Demo;
		};
		74944FF81A84742C00F6FEFB /* PBXContainerItemProxy */ = {
			isa = PBXContainerItemProxy;
			containerPortal = 24799C1F19FF92F0009250EC /* Project object */;
			proxyType = 1;
			remoteGlobalIDString = 74944FDE1A84742C00F6FEFB;
			remoteInfo = DemoStoryBoard;
		};
		749F233823ED7264000D6559 /* PBXContainerItemProxy */ = {
			isa = PBXContainerItemProxy;
			containerPortal = 24799C1F19FF92F0009250EC /* Project object */;
			proxyType = 1;
			remoteGlobalIDString = 749F232D23ED7264000D6559;
			remoteInfo = XAutoLayoutKit;
		};
		749F233A23ED7264000D6559 /* PBXContainerItemProxy */ = {
			isa = PBXContainerItemProxy;
			containerPortal = 24799C1F19FF92F0009250EC /* Project object */;
			proxyType = 1;
			remoteGlobalIDString = 24799C2919FF937F009250EC;
			remoteInfo = Demo;
		};
		749F234123ED7264000D6559 /* PBXContainerItemProxy */ = {
			isa = PBXContainerItemProxy;
			containerPortal = 24799C1F19FF92F0009250EC /* Project object */;
			proxyType = 1;
			remoteGlobalIDString = 749F232D23ED7264000D6559;
			remoteInfo = XAutoLayoutKit;
		};
/* End PBXContainerItemProxy section */

/* Begin PBXCopyFilesBuildPhase section */
		749F234423ED7264000D6559 /* Embed Frameworks */ = {
			isa = PBXCopyFilesBuildPhase;
			buildActionMask = 2147483647;
			dstPath = "";
			dstSubfolderSpec = 10;
			files = (
				749F234523ED7264000D6559 /* XAutoLayoutKit.framework in Embed Frameworks */,
			);
			name = "Embed Frameworks";
			runOnlyForDeploymentPostprocessing = 0;
		};
/* End PBXCopyFilesBuildPhase section */

/* Begin PBXFileReference section */
		2473336523C5269A006EED9E /* ScrollViewController.h */ = {isa = PBXFileReference; lastKnownFileType = sourcecode.c.h; path = ScrollViewController.h; sourceTree = "<group>"; };
		2473336623C5269A006EED9E /* ScrollViewController.m */ = {isa = PBXFileReference; lastKnownFileType = sourcecode.c.objc; path = ScrollViewController.m; sourceTree = "<group>"; };
		2473336823C5277D006EED9E /* ScrollViewController+Layout.h */ = {isa = PBXFileReference; lastKnownFileType = sourcecode.c.h; path = "ScrollViewController+Layout.h"; sourceTree = "<group>"; };
		2473336923C531A8006EED9E /* ViewController+API2.h */ = {isa = PBXFileReference; lastKnownFileType = sourcecode.c.h; path = "ViewController+API2.h"; sourceTree = "<group>"; };
		2473336A23C531A8006EED9E /* ViewController+API2.m */ = {isa = PBXFileReference; lastKnownFileType = sourcecode.c.objc; path = "ViewController+API2.m"; sourceTree = "<group>"; };
		2473336F23C9C47B006EED9E /* XAutoLayoutBinder.h */ = {isa = PBXFileReference; lastKnownFileType = sourcecode.c.h; path = XAutoLayoutBinder.h; sourceTree = "<group>"; };
		2473337023CA1F61006EED9E /* NSLayoutConstraint+XALK.h */ = {isa = PBXFileReference; lastKnownFileType = sourcecode.c.h; path = "NSLayoutConstraint+XALK.h"; sourceTree = "<group>"; };
		2473337123CA1F61006EED9E /* NSLayoutConstraint+XALK.m */ = {isa = PBXFileReference; lastKnownFileType = sourcecode.c.objc; path = "NSLayoutConstraint+XALK.m"; sourceTree = "<group>"; };
		24799C2A19FF937F009250EC /* Demo.app */ = {isa = PBXFileReference; explicitFileType = wrapper.application; includeInIndex = 0; path = Demo.app; sourceTree = BUILT_PRODUCTS_DIR; };
		24799C2E19FF937F009250EC /* Info.plist */ = {isa = PBXFileReference; lastKnownFileType = text.plist.xml; path = Info.plist; sourceTree = "<group>"; };
		24799C2F19FF937F009250EC /* main.m */ = {isa = PBXFileReference; lastKnownFileType = sourcecode.c.objc; path = main.m; sourceTree = "<group>"; };
		24799C3119FF937F009250EC /* AppDelegate.h */ = {isa = PBXFileReference; lastKnownFileType = sourcecode.c.h; path = AppDelegate.h; sourceTree = "<group>"; };
		24799C3219FF937F009250EC /* AppDelegate.m */ = {isa = PBXFileReference; lastKnownFileType = sourcecode.c.objc; path = AppDelegate.m; sourceTree = "<group>"; };
		24799C3419FF937F009250EC /* ViewController.h */ = {isa = PBXFileReference; lastKnownFileType = sourcecode.c.h; path = ViewController.h; sourceTree = "<group>"; };
		24799C3519FF937F009250EC /* ViewController.m */ = {isa = PBXFileReference; lastKnownFileType = sourcecode.c.objc; path = ViewController.m; sourceTree = "<group>"; };
		24799C3819FF937F009250EC /* Base */ = {isa = PBXFileReference; lastKnownFileType = file.storyboard; name = Base; path = Base.lproj/Main.storyboard; sourceTree = "<group>"; };
		24799C3A19FF937F009250EC /* Images.xcassets */ = {isa = PBXFileReference; lastKnownFileType = folder.assetcatalog; path = Images.xcassets; sourceTree = "<group>"; };
		24799C3D19FF937F009250EC /* Base */ = {isa = PBXFileReference; lastKnownFileType = file.xib; name = Base; path = Base.lproj/LaunchScreen.xib; sourceTree = "<group>"; };
		24799C4319FF937F009250EC /* DemoTests.xctest */ = {isa = PBXFileReference; explicitFileType = wrapper.cfbundle; includeInIndex = 0; path = DemoTests.xctest; sourceTree = BUILT_PRODUCTS_DIR; };
		24799C4819FF937F009250EC /* Info.plist */ = {isa = PBXFileReference; lastKnownFileType = text.plist.xml; path = Info.plist; sourceTree = "<group>"; };
		24799C4919FF937F009250EC /* DemoTests.m */ = {isa = PBXFileReference; lastKnownFileType = sourcecode.c.objc; path = DemoTests.m; sourceTree = "<group>"; };
		24799C5119FF93B5009250EC /* XAutoLayoutKit.h */ = {isa = PBXFileReference; fileEncoding = 4; lastKnownFileType = sourcecode.c.h; path = XAutoLayoutKit.h; sourceTree = "<group>"; };
		24799C5219FF93B5009250EC /* XAutoLayoutKit.m */ = {isa = PBXFileReference; fileEncoding = 4; lastKnownFileType = sourcecode.c.objc; path = XAutoLayoutKit.m; sourceTree = "<group>"; };
		248EA575238D7626006EED9E /* Demo-Bridging-Header.h */ = {isa = PBXFileReference; lastKnownFileType = sourcecode.c.h; path = "Demo-Bridging-Header.h"; sourceTree = "<group>"; };
		248EA576238D7626006EED9E /* ViewController.swift */ = {isa = PBXFileReference; lastKnownFileType = sourcecode.swift; path = ViewController.swift; sourceTree = "<group>"; };
		74944FDF1A84742C00F6FEFB /* DemoStoryBoard.app */ = {isa = PBXFileReference; explicitFileType = wrapper.application; includeInIndex = 0; path = DemoStoryBoard.app; sourceTree = BUILT_PRODUCTS_DIR; };
		74944FE21A84742C00F6FEFB /* Info.plist */ = {isa = PBXFileReference; lastKnownFileType = text.plist.xml; path = Info.plist; sourceTree = "<group>"; };
		74944FE31A84742C00F6FEFB /* main.m */ = {isa = PBXFileReference; lastKnownFileType = sourcecode.c.objc; path = main.m; sourceTree = "<group>"; };
		74944FE51A84742C00F6FEFB /* AppDelegate.h */ = {isa = PBXFileReference; lastKnownFileType = sourcecode.c.h; path = AppDelegate.h; sourceTree = "<group>"; };
		74944FE61A84742C00F6FEFB /* AppDelegate.m */ = {isa = PBXFileReference; lastKnownFileType = sourcecode.c.objc; path = AppDelegate.m; sourceTree = "<group>"; };
		74944FE81A84742C00F6FEFB /* ViewController.h */ = {isa = PBXFileReference; lastKnownFileType = sourcecode.c.h; path = ViewController.h; sourceTree = "<group>"; };
		74944FE91A84742C00F6FEFB /* ViewController.m */ = {isa = PBXFileReference; lastKnownFileType = sourcecode.c.objc; path = ViewController.m; sourceTree = "<group>"; };
		74944FEC1A84742C00F6FEFB /* Base */ = {isa = PBXFileReference; lastKnownFileType = file.storyboard; name = Base; path = Base.lproj/Main.storyboard; sourceTree = "<group>"; };
		74944FEE1A84742C00F6FEFB /* Images.xcassets */ = {isa = PBXFileReference; lastKnownFileType = folder.assetcatalog; path = Images.xcassets; sourceTree = "<group>"; };
		74944FF11A84742C00F6FEFB /* Base */ = {isa = PBXFileReference; lastKnownFileType = file.xib; name = Base; path = Base.lproj/LaunchScreen.xib; sourceTree = "<group>"; };
		74944FF71A84742C00F6FEFB /* DemoStoryBoardTests.xctest */ = {isa = PBXFileReference; explicitFileType = wrapper.cfbundle; includeInIndex = 0; path = DemoStoryBoardTests.xctest; sourceTree = BUILT_PRODUCTS_DIR; };
		74944FFC1A84742C00F6FEFB /* Info.plist */ = {isa = PBXFileReference; lastKnownFileType = text.plist.xml; path = Info.plist; sourceTree = "<group>"; };
		74944FFD1A84742C00F6FEFB /* DemoStoryBoardTests.m */ = {isa = PBXFileReference; lastKnownFileType = sourcecode.c.objc; path = DemoStoryBoardTests.m; sourceTree = "<group>"; };
		749F232E23ED7264000D6559 /* XAutoLayoutKit.framework */ = {isa = PBXFileReference; explicitFileType = wrapper.framework; includeInIndex = 0; path = XAutoLayoutKit.framework; sourceTree = BUILT_PRODUCTS_DIR; };
		749F233023ED7264000D6559 /* XAutoLayoutKit.h */ = {isa = PBXFileReference; lastKnownFileType = sourcecode.c.h; path = XAutoLayoutKit.h; sourceTree = "<group>"; };
		749F233123ED7264000D6559 /* Info.plist */ = {isa = PBXFileReference; lastKnownFileType = text.plist.xml; path = Info.plist; sourceTree = "<group>"; };
		749F233623ED7264000D6559 /* XAutoLayoutKitTests.xctest */ = {isa = PBXFileReference; explicitFileType = wrapper.cfbundle; includeInIndex = 0; path = XAutoLayoutKitTests.xctest; sourceTree = BUILT_PRODUCTS_DIR; };
		749F233D23ED7264000D6559 /* XAutoLayoutKitTests.m */ = {isa = PBXFileReference; lastKnownFileType = sourcecode.c.objc; path = XAutoLayoutKitTests.m; sourceTree = "<group>"; };
		749F233F23ED7264000D6559 /* Info.plist */ = {isa = PBXFileReference; lastKnownFileType = text.plist.xml; path = Info.plist; sourceTree = "<group>"; };
		749F235223ED8934000D6559 /* XAutoLayoutBinder.m */ = {isa = PBXFileReference; fileEncoding = 4; lastKnownFileType = sourcecode.c.objc; path = XAutoLayoutBinder.m; sourceTree = "<group>"; };
		749F235323ED8934000D6559 /* NSLayoutConstraint+XALK.m */ = {isa = PBXFileReference; fileEncoding = 4; lastKnownFileType = sourcecode.c.objc; path = "NSLayoutConstraint+XALK.m"; sourceTree = "<group>"; };
		749F235423ED8934000D6559 /* XAutoLayoutKit.h */ = {isa = PBXFileReference; fileEncoding = 4; lastKnownFileType = sourcecode.c.h; path = XAutoLayoutKit.h; sourceTree = "<group>"; };
		749F235523ED8934000D6559 /* XAutoLayoutBinder.h */ = {isa = PBXFileReference; fileEncoding = 4; lastKnownFileType = sourcecode.c.h; path = XAutoLayoutBinder.h; sourceTree = "<group>"; };
		749F235623ED8934000D6559 /* XAutoLayoutBinder+Private.h */ = {isa = PBXFileReference; fileEncoding = 4; lastKnownFileType = sourcecode.c.h; path = "XAutoLayoutBinder+Private.h"; sourceTree = "<group>"; };
		749F235723ED8934000D6559 /* XAutoLayoutKit.m */ = {isa = PBXFileReference; fileEncoding = 4; lastKnownFileType = sourcecode.c.objc; path = XAutoLayoutKit.m; sourceTree = "<group>"; };
		749F235823ED8934000D6559 /* NSLayoutConstraint+XALK.h */ = {isa = PBXFileReference; fileEncoding = 4; lastKnownFileType = sourcecode.c.h; path = "NSLayoutConstraint+XALK.h"; sourceTree = "<group>"; };
		74B9691B239F94C2006B3A74 /* XAutoLayoutBinder+Private.h */ = {isa = PBXFileReference; lastKnownFileType = sourcecode.c.h; path = "XAutoLayoutBinder+Private.h"; sourceTree = "<group>"; };
		74B9691C239F94C2006B3A74 /* XAutoLayoutBinder.m */ = {isa = PBXFileReference; lastKnownFileType = sourcecode.c.objc; path = XAutoLayoutBinder.m; sourceTree = "<group>"; };
		74DF637E24C9342500B0E139 /* ViewController+OldAPI.h */ = {isa = PBXFileReference; lastKnownFileType = sourcecode.c.h; path = "ViewController+OldAPI.h"; sourceTree = "<group>"; };
		74DF637F24C9342500B0E139 /* ViewController+OldAPI.m */ = {isa = PBXFileReference; lastKnownFileType = sourcecode.c.objc; path = "ViewController+OldAPI.m"; sourceTree = "<group>"; };
		74DF638124C934C200B0E139 /* ViewController+API3.h */ = {isa = PBXFileReference; lastKnownFileType = sourcecode.c.h; path = "ViewController+API3.h"; sourceTree = "<group>"; };
		74DF638224C934C200B0E139 /* ViewController+API3.m */ = {isa = PBXFileReference; lastKnownFileType = sourcecode.c.objc; path = "ViewController+API3.m"; sourceTree = "<group>"; };
/* End PBXFileReference section */

/* Begin PBXFrameworksBuildPhase section */
		24799C2719FF937F009250EC /* Frameworks */ = {
			isa = PBXFrameworksBuildPhase;
			buildActionMask = 2147483647;
			files = (
				749F234323ED7264000D6559 /* XAutoLayoutKit.framework in Frameworks */,
			);
			runOnlyForDeploymentPostprocessing = 0;
		};
		24799C4019FF937F009250EC /* Frameworks */ = {
			isa = PBXFrameworksBuildPhase;
			buildActionMask = 2147483647;
			files = (
			);
			runOnlyForDeploymentPostprocessing = 0;
		};
		74944FDC1A84742C00F6FEFB /* Frameworks */ = {
			isa = PBXFrameworksBuildPhase;
			buildActionMask = 2147483647;
			files = (
			);
			runOnlyForDeploymentPostprocessing = 0;
		};
		74944FF41A84742C00F6FEFB /* Frameworks */ = {
			isa = PBXFrameworksBuildPhase;
			buildActionMask = 2147483647;
			files = (
			);
			runOnlyForDeploymentPostprocessing = 0;
		};
		749F232B23ED7264000D6559 /* Frameworks */ = {
			isa = PBXFrameworksBuildPhase;
			buildActionMask = 2147483647;
			files = (
			);
			runOnlyForDeploymentPostprocessing = 0;
		};
		749F233323ED7264000D6559 /* Frameworks */ = {
			isa = PBXFrameworksBuildPhase;
			buildActionMask = 2147483647;
			files = (
				749F233723ED7264000D6559 /* XAutoLayoutKit.framework in Frameworks */,
			);
			runOnlyForDeploymentPostprocessing = 0;
		};
/* End PBXFrameworksBuildPhase section */

/* Begin PBXGroup section */
		2473336223C52640006EED9E /* scrollview */ = {
			isa = PBXGroup;
			children = (
				2473336523C5269A006EED9E /* ScrollViewController.h */,
				2473336623C5269A006EED9E /* ScrollViewController.m */,
				2473336823C5277D006EED9E /* ScrollViewController+Layout.h */,
			);
			path = scrollview;
			sourceTree = "<group>";
		};
		2473336423C5266F006EED9E /* plainview */ = {
			isa = PBXGroup;
			children = (
				24799C3419FF937F009250EC /* ViewController.h */,
				24799C3519FF937F009250EC /* ViewController.m */,
				248EA576238D7626006EED9E /* ViewController.swift */,
				2473336923C531A8006EED9E /* ViewController+API2.h */,
				2473336A23C531A8006EED9E /* ViewController+API2.m */,
				74DF638124C934C200B0E139 /* ViewController+API3.h */,
				74DF638224C934C200B0E139 /* ViewController+API3.m */,
				74DF637E24C9342500B0E139 /* ViewController+OldAPI.h */,
				74DF637F24C9342500B0E139 /* ViewController+OldAPI.m */,
			);
			path = plainview;
			sourceTree = "<group>";
		};
		24799C1E19FF92F0009250EC = {
			isa = PBXGroup;
			children = (
				24799C2519FF933C009250EC /* src */,
				24799C2C19FF937F009250EC /* Demo */,
				24799C4619FF937F009250EC /* DemoTests */,
				74944FE01A84742C00F6FEFB /* DemoStoryBoard */,
				74944FFA1A84742C00F6FEFB /* DemoStoryBoardTests */,
				749F232F23ED7264000D6559 /* XAutoLayoutKit */,
				749F233C23ED7264000D6559 /* XAutoLayoutKitTests */,
				24799C2B19FF937F009250EC /* Products */,
			);
			sourceTree = "<group>";
		};
		24799C2519FF933C009250EC /* src */ = {
			isa = PBXGroup;
			children = (
				24799C5119FF93B5009250EC /* XAutoLayoutKit.h */,
				24799C5219FF93B5009250EC /* XAutoLayoutKit.m */,
				2473336F23C9C47B006EED9E /* XAutoLayoutBinder.h */,
				74B9691B239F94C2006B3A74 /* XAutoLayoutBinder+Private.h */,
				74B9691C239F94C2006B3A74 /* XAutoLayoutBinder.m */,
				2473337023CA1F61006EED9E /* NSLayoutConstraint+XALK.h */,
				2473337123CA1F61006EED9E /* NSLayoutConstraint+XALK.m */,
			);
			path = src;
			sourceTree = "<group>";
		};
		24799C2B19FF937F009250EC /* Products */ = {
			isa = PBXGroup;
			children = (
				24799C2A19FF937F009250EC /* Demo.app */,
				24799C4319FF937F009250EC /* DemoTests.xctest */,
				74944FDF1A84742C00F6FEFB /* DemoStoryBoard.app */,
				74944FF71A84742C00F6FEFB /* DemoStoryBoardTests.xctest */,
				749F232E23ED7264000D6559 /* XAutoLayoutKit.framework */,
				749F233623ED7264000D6559 /* XAutoLayoutKitTests.xctest */,
			);
			name = Products;
			sourceTree = "<group>";
		};
		24799C2C19FF937F009250EC /* Demo */ = {
			isa = PBXGroup;
			children = (
				2473336423C5266F006EED9E /* plainview */,
				2473336223C52640006EED9E /* scrollview */,
				24799C3119FF937F009250EC /* AppDelegate.h */,
				24799C3219FF937F009250EC /* AppDelegate.m */,
				24799C3719FF937F009250EC /* Main.storyboard */,
				24799C3A19FF937F009250EC /* Images.xcassets */,
				24799C3C19FF937F009250EC /* LaunchScreen.xib */,
				24799C2D19FF937F009250EC /* Supporting Files */,
				248EA575238D7626006EED9E /* Demo-Bridging-Header.h */,
			);
			path = Demo;
			sourceTree = "<group>";
		};
		24799C2D19FF937F009250EC /* Supporting Files */ = {
			isa = PBXGroup;
			children = (
				24799C2E19FF937F009250EC /* Info.plist */,
				24799C2F19FF937F009250EC /* main.m */,
			);
			name = "Supporting Files";
			sourceTree = "<group>";
		};
		24799C4619FF937F009250EC /* DemoTests */ = {
			isa = PBXGroup;
			children = (
				24799C4919FF937F009250EC /* DemoTests.m */,
				24799C4719FF937F009250EC /* Supporting Files */,
			);
			path = DemoTests;
			sourceTree = "<group>";
		};
		24799C4719FF937F009250EC /* Supporting Files */ = {
			isa = PBXGroup;
			children = (
				24799C4819FF937F009250EC /* Info.plist */,
			);
			name = "Supporting Files";
			sourceTree = "<group>";
		};
		74944FE01A84742C00F6FEFB /* DemoStoryBoard */ = {
			isa = PBXGroup;
			children = (
				74944FE51A84742C00F6FEFB /* AppDelegate.h */,
				74944FE61A84742C00F6FEFB /* AppDelegate.m */,
				74944FE81A84742C00F6FEFB /* ViewController.h */,
				74944FE91A84742C00F6FEFB /* ViewController.m */,
				74944FEB1A84742C00F6FEFB /* Main.storyboard */,
				74944FEE1A84742C00F6FEFB /* Images.xcassets */,
				74944FF01A84742C00F6FEFB /* LaunchScreen.xib */,
				74944FE11A84742C00F6FEFB /* Supporting Files */,
			);
			path = DemoStoryBoard;
			sourceTree = "<group>";
		};
		74944FE11A84742C00F6FEFB /* Supporting Files */ = {
			isa = PBXGroup;
			children = (
				74944FE21A84742C00F6FEFB /* Info.plist */,
				74944FE31A84742C00F6FEFB /* main.m */,
			);
			name = "Supporting Files";
			sourceTree = "<group>";
		};
		74944FFA1A84742C00F6FEFB /* DemoStoryBoardTests */ = {
			isa = PBXGroup;
			children = (
				74944FFD1A84742C00F6FEFB /* DemoStoryBoardTests.m */,
				74944FFB1A84742C00F6FEFB /* Supporting Files */,
			);
			path = DemoStoryBoardTests;
			sourceTree = "<group>";
		};
		74944FFB1A84742C00F6FEFB /* Supporting Files */ = {
			isa = PBXGroup;
			children = (
				74944FFC1A84742C00F6FEFB /* Info.plist */,
			);
			name = "Supporting Files";
			sourceTree = "<group>";
		};
		749F232F23ED7264000D6559 /* XAutoLayoutKit */ = {
			isa = PBXGroup;
			children = (
				749F235123ED8934000D6559 /* src */,
				749F233023ED7264000D6559 /* XAutoLayoutKit.h */,
				749F233123ED7264000D6559 /* Info.plist */,
			);
			path = XAutoLayoutKit;
			sourceTree = "<group>";
		};
		749F233C23ED7264000D6559 /* XAutoLayoutKitTests */ = {
			isa = PBXGroup;
			children = (
				749F233D23ED7264000D6559 /* XAutoLayoutKitTests.m */,
				749F233F23ED7264000D6559 /* Info.plist */,
			);
			path = XAutoLayoutKitTests;
			sourceTree = "<group>";
		};
		749F235123ED8934000D6559 /* src */ = {
			isa = PBXGroup;
			children = (
				749F235823ED8934000D6559 /* NSLayoutConstraint+XALK.h */,
				749F235323ED8934000D6559 /* NSLayoutConstraint+XALK.m */,
				749F235523ED8934000D6559 /* XAutoLayoutBinder.h */,
				749F235223ED8934000D6559 /* XAutoLayoutBinder.m */,
				749F235623ED8934000D6559 /* XAutoLayoutBinder+Private.h */,
				749F235423ED8934000D6559 /* XAutoLayoutKit.h */,
				749F235723ED8934000D6559 /* XAutoLayoutKit.m */,
			);
			path = src;
			sourceTree = SOURCE_ROOT;
		};
/* End PBXGroup section */

/* Begin PBXHeadersBuildPhase section */
		749F232923ED7264000D6559 /* Headers */ = {
			isa = PBXHeadersBuildPhase;
			buildActionMask = 2147483647;
			files = (
				749F235F23ED8934000D6559 /* NSLayoutConstraint+XALK.h in Headers */,
				749F235C23ED8934000D6559 /* XAutoLayoutBinder.h in Headers */,
				749F235D23ED8934000D6559 /* XAutoLayoutBinder+Private.h in Headers */,
				749F235B23ED8934000D6559 /* XAutoLayoutKit.h in Headers */,
			);
			runOnlyForDeploymentPostprocessing = 0;
		};
/* End PBXHeadersBuildPhase section */

/* Begin PBXNativeTarget section */
		24799C2919FF937F009250EC /* Demo */ = {
			isa = PBXNativeTarget;
			buildConfigurationList = 24799C4B19FF937F009250EC /* Build configuration list for PBXNativeTarget "Demo" */;
			buildPhases = (
				24799C2619FF937F009250EC /* Sources */,
				24799C2719FF937F009250EC /* Frameworks */,
				24799C2819FF937F009250EC /* Resources */,
				749F234423ED7264000D6559 /* Embed Frameworks */,
			);
			buildRules = (
			);
			dependencies = (
				749F234223ED7264000D6559 /* PBXTargetDependency */,
			);
			name = Demo;
			productName = Demo;
			productReference = 24799C2A19FF937F009250EC /* Demo.app */;
			productType = "com.apple.product-type.application";
		};
		24799C4219FF937F009250EC /* DemoTests */ = {
			isa = PBXNativeTarget;
			buildConfigurationList = 24799C4E19FF937F009250EC /* Build configuration list for PBXNativeTarget "DemoTests" */;
			buildPhases = (
				24799C3F19FF937F009250EC /* Sources */,
				24799C4019FF937F009250EC /* Frameworks */,
				24799C4119FF937F009250EC /* Resources */,
			);
			buildRules = (
			);
			dependencies = (
				24799C4519FF937F009250EC /* PBXTargetDependency */,
			);
			name = DemoTests;
			productName = DemoTests;
			productReference = 24799C4319FF937F009250EC /* DemoTests.xctest */;
			productType = "com.apple.product-type.bundle.unit-test";
		};
		74944FDE1A84742C00F6FEFB /* DemoStoryBoard */ = {
			isa = PBXNativeTarget;
			buildConfigurationList = 749450031A84742C00F6FEFB /* Build configuration list for PBXNativeTarget "DemoStoryBoard" */;
			buildPhases = (
				74944FDB1A84742C00F6FEFB /* Sources */,
				74944FDC1A84742C00F6FEFB /* Frameworks */,
				74944FDD1A84742C00F6FEFB /* Resources */,
			);
			buildRules = (
			);
			dependencies = (
			);
			name = DemoStoryBoard;
			productName = DemoStoryBoard;
			productReference = 74944FDF1A84742C00F6FEFB /* DemoStoryBoard.app */;
			productType = "com.apple.product-type.application";
		};
		74944FF61A84742C00F6FEFB /* DemoStoryBoardTests */ = {
			isa = PBXNativeTarget;
			buildConfigurationList = 749450041A84742C00F6FEFB /* Build configuration list for PBXNativeTarget "DemoStoryBoardTests" */;
			buildPhases = (
				74944FF31A84742C00F6FEFB /* Sources */,
				74944FF41A84742C00F6FEFB /* Frameworks */,
				74944FF51A84742C00F6FEFB /* Resources */,
			);
			buildRules = (
			);
			dependencies = (
				74944FF91A84742C00F6FEFB /* PBXTargetDependency */,
			);
			name = DemoStoryBoardTests;
			productName = DemoStoryBoardTests;
			productReference = 74944FF71A84742C00F6FEFB /* DemoStoryBoardTests.xctest */;
			productType = "com.apple.product-type.bundle.unit-test";
		};
		749F232D23ED7264000D6559 /* XAutoLayoutKit */ = {
			isa = PBXNativeTarget;
			buildConfigurationList = 749F234A23ED7264000D6559 /* Build configuration list for PBXNativeTarget "XAutoLayoutKit" */;
			buildPhases = (
				749F232923ED7264000D6559 /* Headers */,
				749F232A23ED7264000D6559 /* Sources */,
				749F232B23ED7264000D6559 /* Frameworks */,
				749F232C23ED7264000D6559 /* Resources */,
			);
			buildRules = (
			);
			dependencies = (
			);
			name = XAutoLayoutKit;
			productName = XAutoLayoutKit;
			productReference = 749F232E23ED7264000D6559 /* XAutoLayoutKit.framework */;
			productType = "com.apple.product-type.framework";
		};
		749F233523ED7264000D6559 /* XAutoLayoutKitTests */ = {
			isa = PBXNativeTarget;
			buildConfigurationList = 749F234B23ED7264000D6559 /* Build configuration list for PBXNativeTarget "XAutoLayoutKitTests" */;
			buildPhases = (
				749F233223ED7264000D6559 /* Sources */,
				749F233323ED7264000D6559 /* Frameworks */,
				749F233423ED7264000D6559 /* Resources */,
			);
			buildRules = (
			);
			dependencies = (
				749F233923ED7264000D6559 /* PBXTargetDependency */,
				749F233B23ED7264000D6559 /* PBXTargetDependency */,
			);
			name = XAutoLayoutKitTests;
			productName = XAutoLayoutKitTests;
			productReference = 749F233623ED7264000D6559 /* XAutoLayoutKitTests.xctest */;
			productType = "com.apple.product-type.bundle.unit-test";
		};
/* End PBXNativeTarget section */

/* Begin PBXProject section */
		24799C1F19FF92F0009250EC /* Project object */ = {
			isa = PBXProject;
			attributes = {
				CLASSPREFIX = XALK;
				LastUpgradeCheck = 0620;
				TargetAttributes = {
					24799C2919FF937F009250EC = {
						CreatedOnToolsVersion = 6.0.1;
						DevelopmentTeam = 375GT6S3QN;
						LastSwiftMigration = 1120;
					};
					24799C4219FF937F009250EC = {
						CreatedOnToolsVersion = 6.0.1;
						TestTargetID = 24799C2919FF937F009250EC;
					};
					74944FDE1A84742C00F6FEFB = {
						CreatedOnToolsVersion = 6.2;
						DevelopmentTeam = 375GT6S3QN;
					};
					74944FF61A84742C00F6FEFB = {
						CreatedOnToolsVersion = 6.2;
						TestTargetID = 74944FDE1A84742C00F6FEFB;
					};
					749F232D23ED7264000D6559 = {
						CreatedOnToolsVersion = 11.3.1;
						DevelopmentTeam = 375GT6S3QN;
						ProvisioningStyle = Automatic;
					};
					749F233523ED7264000D6559 = {
						CreatedOnToolsVersion = 11.3.1;
						DevelopmentTeam = 375GT6S3QN;
						ProvisioningStyle = Automatic;
						TestTargetID = 24799C2919FF937F009250EC;
					};
				};
			};
			buildConfigurationList = 24799C2219FF92F0009250EC /* Build configuration list for PBXProject "XAutoLayoutKit" */;
			compatibilityVersion = "Xcode 3.2";
			developmentRegion = English;
			hasScannedForEncodings = 0;
			knownRegions = (
				English,
				en,
				Base,
			);
			mainGroup = 24799C1E19FF92F0009250EC;
			productRefGroup = 24799C2B19FF937F009250EC /* Products */;
			projectDirPath = "";
			projectRoot = "";
			targets = (
				24799C2919FF937F009250EC /* Demo */,
				24799C4219FF937F009250EC /* DemoTests */,
				74944FDE1A84742C00F6FEFB /* DemoStoryBoard */,
				74944FF61A84742C00F6FEFB /* DemoStoryBoardTests */,
				749F232D23ED7264000D6559 /* XAutoLayoutKit */,
				749F233523ED7264000D6559 /* XAutoLayoutKitTests */,
			);
		};
/* End PBXProject section */

/* Begin PBXResourcesBuildPhase section */
		24799C2819FF937F009250EC /* Resources */ = {
			isa = PBXResourcesBuildPhase;
			buildActionMask = 2147483647;
			files = (
				24799C3919FF937F009250EC /* Main.storyboard in Resources */,
				24799C3E19FF937F009250EC /* LaunchScreen.xib in Resources */,
				24799C3B19FF937F009250EC /* Images.xcassets in Resources */,
			);
			runOnlyForDeploymentPostprocessing = 0;
		};
		24799C4119FF937F009250EC /* Resources */ = {
			isa = PBXResourcesBuildPhase;
			buildActionMask = 2147483647;
			files = (
			);
			runOnlyForDeploymentPostprocessing = 0;
		};
		74944FDD1A84742C00F6FEFB /* Resources */ = {
			isa = PBXResourcesBuildPhase;
			buildActionMask = 2147483647;
			files = (
				74944FED1A84742C00F6FEFB /* Main.storyboard in Resources */,
				74944FF21A84742C00F6FEFB /* LaunchScreen.xib in Resources */,
				74944FEF1A84742C00F6FEFB /* Images.xcassets in Resources */,
			);
			runOnlyForDeploymentPostprocessing = 0;
		};
		74944FF51A84742C00F6FEFB /* Resources */ = {
			isa = PBXResourcesBuildPhase;
			buildActionMask = 2147483647;
			files = (
			);
			runOnlyForDeploymentPostprocessing = 0;
		};
		749F232C23ED7264000D6559 /* Resources */ = {
			isa = PBXResourcesBuildPhase;
			buildActionMask = 2147483647;
			files = (
			);
			runOnlyForDeploymentPostprocessing = 0;
		};
		749F233423ED7264000D6559 /* Resources */ = {
			isa = PBXResourcesBuildPhase;
			buildActionMask = 2147483647;
			files = (
			);
			runOnlyForDeploymentPostprocessing = 0;
		};
/* End PBXResourcesBuildPhase section */

/* Begin PBXSourcesBuildPhase section */
		24799C2619FF937F009250EC /* Sources */ = {
			isa = PBXSourcesBuildPhase;
			buildActionMask = 2147483647;
			files = (
				248EA577238D7626006EED9E /* ViewController.swift in Sources */,
				2473337223CA1F61006EED9E /* NSLayoutConstraint+XALK.m in Sources */,
				24799C3619FF937F009250EC /* ViewController.m in Sources */,
				24799C3319FF937F009250EC /* AppDelegate.m in Sources */,
				2473336723C5269A006EED9E /* ScrollViewController.m in Sources */,
				24799C5319FF93B5009250EC /* XAutoLayoutKit.m in Sources */,
				74B9691D239F94C2006B3A74 /* XAutoLayoutBinder.m in Sources */,
				74DF638024C9342500B0E139 /* ViewController+OldAPI.m in Sources */,
				24799C3019FF937F009250EC /* main.m in Sources */,
				74DF638324C934C200B0E139 /* ViewController+API3.m in Sources */,
				2473336B23C531A8006EED9E /* ViewController+API2.m in Sources */,
			);
			runOnlyForDeploymentPostprocessing = 0;
		};
		24799C3F19FF937F009250EC /* Sources */ = {
			isa = PBXSourcesBuildPhase;
			buildActionMask = 2147483647;
			files = (
				24799C4A19FF937F009250EC /* DemoTests.m in Sources */,
			);
			runOnlyForDeploymentPostprocessing = 0;
		};
		74944FDB1A84742C00F6FEFB /* Sources */ = {
			isa = PBXSourcesBuildPhase;
			buildActionMask = 2147483647;
			files = (
				7439C0EB1A84D73D006AB07F /* XAutoLayoutKit.m in Sources */,
				74944FEA1A84742C00F6FEFB /* ViewController.m in Sources */,
				74944FE71A84742C00F6FEFB /* AppDelegate.m in Sources */,
				74944FE41A84742C00F6FEFB /* main.m in Sources */,
			);
			runOnlyForDeploymentPostprocessing = 0;
		};
		74944FF31A84742C00F6FEFB /* Sources */ = {
			isa = PBXSourcesBuildPhase;
			buildActionMask = 2147483647;
			files = (
				74944FFE1A84742C00F6FEFB /* DemoStoryBoardTests.m in Sources */,
			);
			runOnlyForDeploymentPostprocessing = 0;
		};
		749F232A23ED7264000D6559 /* Sources */ = {
			isa = PBXSourcesBuildPhase;
			buildActionMask = 2147483647;
			files = (
				749F234C23ED726D000D6559 /* XAutoLayoutKit.m in Sources */,
				749F235A23ED8934000D6559 /* NSLayoutConstraint+XALK.m in Sources */,
				749F235923ED8934000D6559 /* XAutoLayoutBinder.m in Sources */,
				749F234E23ED726D000D6559 /* NSLayoutConstraint+XALK.m in Sources */,
				749F235E23ED8934000D6559 /* XAutoLayoutKit.m in Sources */,
				749F234D23ED726D000D6559 /* XAutoLayoutBinder.m in Sources */,
			);
			runOnlyForDeploymentPostprocessing = 0;
		};
		749F233223ED7264000D6559 /* Sources */ = {
			isa = PBXSourcesBuildPhase;
			buildActionMask = 2147483647;
			files = (
				749F233E23ED7264000D6559 /* XAutoLayoutKitTests.m in Sources */,
			);
			runOnlyForDeploymentPostprocessing = 0;
		};
/* End PBXSourcesBuildPhase section */

/* Begin PBXTargetDependency section */
		24799C4519FF937F009250EC /* PBXTargetDependency */ = {
			isa = PBXTargetDependency;
			target = 24799C2919FF937F009250EC /* Demo */;
			targetProxy = 24799C4419FF937F009250EC /* PBXContainerItemProxy */;
		};
		74944FF91A84742C00F6FEFB /* PBXTargetDependency */ = {
			isa = PBXTargetDependency;
			target = 74944FDE1A84742C00F6FEFB /* DemoStoryBoard */;
			targetProxy = 74944FF81A84742C00F6FEFB /* PBXContainerItemProxy */;
		};
		749F233923ED7264000D6559 /* PBXTargetDependency */ = {
			isa = PBXTargetDependency;
			target = 749F232D23ED7264000D6559 /* XAutoLayoutKit */;
			targetProxy = 749F233823ED7264000D6559 /* PBXContainerItemProxy */;
		};
		749F233B23ED7264000D6559 /* PBXTargetDependency */ = {
			isa = PBXTargetDependency;
			target = 24799C2919FF937F009250EC /* Demo */;
			targetProxy = 749F233A23ED7264000D6559 /* PBXContainerItemProxy */;
		};
		749F234223ED7264000D6559 /* PBXTargetDependency */ = {
			isa = PBXTargetDependency;
			target = 749F232D23ED7264000D6559 /* XAutoLayoutKit */;
			targetProxy = 749F234123ED7264000D6559 /* PBXContainerItemProxy */;
		};
/* End PBXTargetDependency section */

/* Begin PBXVariantGroup section */
		24799C3719FF937F009250EC /* Main.storyboard */ = {
			isa = PBXVariantGroup;
			children = (
				24799C3819FF937F009250EC /* Base */,
			);
			name = Main.storyboard;
			sourceTree = "<group>";
		};
		24799C3C19FF937F009250EC /* LaunchScreen.xib */ = {
			isa = PBXVariantGroup;
			children = (
				24799C3D19FF937F009250EC /* Base */,
			);
			name = LaunchScreen.xib;
			sourceTree = "<group>";
		};
		74944FEB1A84742C00F6FEFB /* Main.storyboard */ = {
			isa = PBXVariantGroup;
			children = (
				74944FEC1A84742C00F6FEFB /* Base */,
			);
			name = Main.storyboard;
			sourceTree = "<group>";
		};
		74944FF01A84742C00F6FEFB /* LaunchScreen.xib */ = {
			isa = PBXVariantGroup;
			children = (
				74944FF11A84742C00F6FEFB /* Base */,
			);
			name = LaunchScreen.xib;
			sourceTree = "<group>";
		};
/* End PBXVariantGroup section */

/* Begin XCBuildConfiguration section */
		24799C2319FF92F0009250EC /* Debug */ = {
			isa = XCBuildConfiguration;
			buildSettings = {
				ONLY_ACTIVE_ARCH = YES;
			};
			name = Debug;
		};
		24799C2419FF92F0009250EC /* Release */ = {
			isa = XCBuildConfiguration;
			buildSettings = {
			};
			name = Release;
		};
		24799C4C19FF937F009250EC /* Debug */ = {
			isa = XCBuildConfiguration;
			buildSettings = {
				ALWAYS_SEARCH_USER_PATHS = NO;
				ASSETCATALOG_COMPILER_APPICON_NAME = AppIcon;
				CLANG_CXX_LANGUAGE_STANDARD = "gnu++0x";
				CLANG_CXX_LIBRARY = "libc++";
				CLANG_ENABLE_MODULES = YES;
				CLANG_ENABLE_OBJC_ARC = YES;
				CLANG_WARN_BOOL_CONVERSION = YES;
				CLANG_WARN_CONSTANT_CONVERSION = YES;
				CLANG_WARN_DIRECT_OBJC_ISA_USAGE = YES_ERROR;
				CLANG_WARN_EMPTY_BODY = YES;
				CLANG_WARN_ENUM_CONVERSION = YES;
				CLANG_WARN_INT_CONVERSION = YES;
				CLANG_WARN_OBJC_ROOT_CLASS = YES_ERROR;
				CLANG_WARN_UNREACHABLE_CODE = YES;
				CLANG_WARN__DUPLICATE_METHOD_MATCH = YES;
				"CODE_SIGN_IDENTITY[sdk=iphoneos*]" = "iPhone Developer";
				COPY_PHASE_STRIP = NO;
				DEVELOPMENT_TEAM = 375GT6S3QN;
				ENABLE_STRICT_OBJC_MSGSEND = YES;
				GCC_C_LANGUAGE_STANDARD = gnu99;
				GCC_DYNAMIC_NO_PIC = NO;
				GCC_OPTIMIZATION_LEVEL = 0;
				GCC_PREPROCESSOR_DEFINITIONS = (
					"DEBUG=1",
					"$(inherited)",
				);
				GCC_SYMBOLS_PRIVATE_EXTERN = NO;
				GCC_WARN_64_TO_32_BIT_CONVERSION = YES;
				GCC_WARN_ABOUT_RETURN_TYPE = YES_ERROR;
				GCC_WARN_UNDECLARED_SELECTOR = YES;
				GCC_WARN_UNINITIALIZED_AUTOS = YES_AGGRESSIVE;
				GCC_WARN_UNUSED_FUNCTION = YES;
				GCC_WARN_UNUSED_VARIABLE = YES;
				INFOPLIST_FILE = Demo/Info.plist;
				IPHONEOS_DEPLOYMENT_TARGET = 8.0;
				LD_RUNPATH_SEARCH_PATHS = "$(inherited) @executable_path/Frameworks";
				MTL_ENABLE_DEBUG_INFO = YES;
				ONLY_ACTIVE_ARCH = YES;
				PRODUCT_NAME = "$(TARGET_NAME)";
				SDKROOT = iphoneos;
				SWIFT_OBJC_BRIDGING_HEADER = "Demo/Demo-Bridging-Header.h";
				SWIFT_OPTIMIZATION_LEVEL = "-Onone";
				SWIFT_VERSION = 5.0;
				TARGETED_DEVICE_FAMILY = "1,2";
			};
			name = Debug;
		};
		24799C4D19FF937F009250EC /* Release */ = {
			isa = XCBuildConfiguration;
			buildSettings = {
				ALWAYS_SEARCH_USER_PATHS = NO;
				ASSETCATALOG_COMPILER_APPICON_NAME = AppIcon;
				CLANG_CXX_LANGUAGE_STANDARD = "gnu++0x";
				CLANG_CXX_LIBRARY = "libc++";
				CLANG_ENABLE_MODULES = YES;
				CLANG_ENABLE_OBJC_ARC = YES;
				CLANG_WARN_BOOL_CONVERSION = YES;
				CLANG_WARN_CONSTANT_CONVERSION = YES;
				CLANG_WARN_DIRECT_OBJC_ISA_USAGE = YES_ERROR;
				CLANG_WARN_EMPTY_BODY = YES;
				CLANG_WARN_ENUM_CONVERSION = YES;
				CLANG_WARN_INT_CONVERSION = YES;
				CLANG_WARN_OBJC_ROOT_CLASS = YES_ERROR;
				CLANG_WARN_UNREACHABLE_CODE = YES;
				CLANG_WARN__DUPLICATE_METHOD_MATCH = YES;
				"CODE_SIGN_IDENTITY[sdk=iphoneos*]" = "iPhone Developer";
				COPY_PHASE_STRIP = YES;
				DEVELOPMENT_TEAM = 375GT6S3QN;
				ENABLE_NS_ASSERTIONS = NO;
				ENABLE_STRICT_OBJC_MSGSEND = YES;
				GCC_C_LANGUAGE_STANDARD = gnu99;
				GCC_WARN_64_TO_32_BIT_CONVERSION = YES;
				GCC_WARN_ABOUT_RETURN_TYPE = YES_ERROR;
				GCC_WARN_UNDECLARED_SELECTOR = YES;
				GCC_WARN_UNINITIALIZED_AUTOS = YES_AGGRESSIVE;
				GCC_WARN_UNUSED_FUNCTION = YES;
				GCC_WARN_UNUSED_VARIABLE = YES;
				INFOPLIST_FILE = Demo/Info.plist;
				IPHONEOS_DEPLOYMENT_TARGET = 8.0;
				LD_RUNPATH_SEARCH_PATHS = "$(inherited) @executable_path/Frameworks";
				MTL_ENABLE_DEBUG_INFO = NO;
				PRODUCT_NAME = "$(TARGET_NAME)";
				SDKROOT = iphoneos;
				SWIFT_OBJC_BRIDGING_HEADER = "Demo/Demo-Bridging-Header.h";
				SWIFT_VERSION = 5.0;
				TARGETED_DEVICE_FAMILY = "1,2";
				VALIDATE_PRODUCT = YES;
			};
			name = Release;
		};
		24799C4F19FF937F009250EC /* Debug */ = {
			isa = XCBuildConfiguration;
			buildSettings = {
				ALWAYS_EMBED_SWIFT_STANDARD_LIBRARIES = YES;
				ALWAYS_SEARCH_USER_PATHS = NO;
				BUNDLE_LOADER = "$(TEST_HOST)";
				CLANG_CXX_LANGUAGE_STANDARD = "gnu++0x";
				CLANG_CXX_LIBRARY = "libc++";
				CLANG_ENABLE_MODULES = YES;
				CLANG_ENABLE_OBJC_ARC = YES;
				CLANG_WARN_BOOL_CONVERSION = YES;
				CLANG_WARN_CONSTANT_CONVERSION = YES;
				CLANG_WARN_DIRECT_OBJC_ISA_USAGE = YES_ERROR;
				CLANG_WARN_EMPTY_BODY = YES;
				CLANG_WARN_ENUM_CONVERSION = YES;
				CLANG_WARN_INT_CONVERSION = YES;
				CLANG_WARN_OBJC_ROOT_CLASS = YES_ERROR;
				CLANG_WARN_UNREACHABLE_CODE = YES;
				CLANG_WARN__DUPLICATE_METHOD_MATCH = YES;
				COPY_PHASE_STRIP = NO;
				ENABLE_STRICT_OBJC_MSGSEND = YES;
				FRAMEWORK_SEARCH_PATHS = (
					"$(SDKROOT)/Developer/Library/Frameworks",
					"$(inherited)",
				);
				GCC_C_LANGUAGE_STANDARD = gnu99;
				GCC_DYNAMIC_NO_PIC = NO;
				GCC_OPTIMIZATION_LEVEL = 0;
				GCC_PREPROCESSOR_DEFINITIONS = (
					"DEBUG=1",
					"$(inherited)",
				);
				GCC_SYMBOLS_PRIVATE_EXTERN = NO;
				GCC_WARN_64_TO_32_BIT_CONVERSION = YES;
				GCC_WARN_ABOUT_RETURN_TYPE = YES_ERROR;
				GCC_WARN_UNDECLARED_SELECTOR = YES;
				GCC_WARN_UNINITIALIZED_AUTOS = YES_AGGRESSIVE;
				GCC_WARN_UNUSED_FUNCTION = YES;
				GCC_WARN_UNUSED_VARIABLE = YES;
				INFOPLIST_FILE = DemoTests/Info.plist;
				IPHONEOS_DEPLOYMENT_TARGET = 8.0;
				LD_RUNPATH_SEARCH_PATHS = "$(inherited) @executable_path/Frameworks @loader_path/Frameworks";
				MTL_ENABLE_DEBUG_INFO = YES;
				ONLY_ACTIVE_ARCH = YES;
				PRODUCT_NAME = "$(TARGET_NAME)";
				SDKROOT = iphoneos;
				TEST_HOST = "$(BUILT_PRODUCTS_DIR)/Demo.app/Demo";
			};
			name = Debug;
		};
		24799C5019FF937F009250EC /* Release */ = {
			isa = XCBuildConfiguration;
			buildSettings = {
				ALWAYS_EMBED_SWIFT_STANDARD_LIBRARIES = YES;
				ALWAYS_SEARCH_USER_PATHS = NO;
				BUNDLE_LOADER = "$(TEST_HOST)";
				CLANG_CXX_LANGUAGE_STANDARD = "gnu++0x";
				CLANG_CXX_LIBRARY = "libc++";
				CLANG_ENABLE_MODULES = YES;
				CLANG_ENABLE_OBJC_ARC = YES;
				CLANG_WARN_BOOL_CONVERSION = YES;
				CLANG_WARN_CONSTANT_CONVERSION = YES;
				CLANG_WARN_DIRECT_OBJC_ISA_USAGE = YES_ERROR;
				CLANG_WARN_EMPTY_BODY = YES;
				CLANG_WARN_ENUM_CONVERSION = YES;
				CLANG_WARN_INT_CONVERSION = YES;
				CLANG_WARN_OBJC_ROOT_CLASS = YES_ERROR;
				CLANG_WARN_UNREACHABLE_CODE = YES;
				CLANG_WARN__DUPLICATE_METHOD_MATCH = YES;
				COPY_PHASE_STRIP = YES;
				ENABLE_NS_ASSERTIONS = NO;
				ENABLE_STRICT_OBJC_MSGSEND = YES;
				FRAMEWORK_SEARCH_PATHS = (
					"$(SDKROOT)/Developer/Library/Frameworks",
					"$(inherited)",
				);
				GCC_C_LANGUAGE_STANDARD = gnu99;
				GCC_WARN_64_TO_32_BIT_CONVERSION = YES;
				GCC_WARN_ABOUT_RETURN_TYPE = YES_ERROR;
				GCC_WARN_UNDECLARED_SELECTOR = YES;
				GCC_WARN_UNINITIALIZED_AUTOS = YES_AGGRESSIVE;
				GCC_WARN_UNUSED_FUNCTION = YES;
				GCC_WARN_UNUSED_VARIABLE = YES;
				INFOPLIST_FILE = DemoTests/Info.plist;
				IPHONEOS_DEPLOYMENT_TARGET = 8.0;
				LD_RUNPATH_SEARCH_PATHS = "$(inherited) @executable_path/Frameworks @loader_path/Frameworks";
				MTL_ENABLE_DEBUG_INFO = NO;
				PRODUCT_NAME = "$(TARGET_NAME)";
				SDKROOT = iphoneos;
				TEST_HOST = "$(BUILT_PRODUCTS_DIR)/Demo.app/Demo";
				VALIDATE_PRODUCT = YES;
			};
			name = Release;
		};
		74944FFF1A84742C00F6FEFB /* Debug */ = {
			isa = XCBuildConfiguration;
			buildSettings = {
				ALWAYS_SEARCH_USER_PATHS = NO;
				ASSETCATALOG_COMPILER_APPICON_NAME = AppIcon;
				CLANG_CXX_LANGUAGE_STANDARD = "gnu++0x";
				CLANG_CXX_LIBRARY = "libc++";
				CLANG_ENABLE_MODULES = YES;
				CLANG_ENABLE_OBJC_ARC = YES;
				CLANG_WARN_BOOL_CONVERSION = YES;
				CLANG_WARN_CONSTANT_CONVERSION = YES;
				CLANG_WARN_DIRECT_OBJC_ISA_USAGE = YES_ERROR;
				CLANG_WARN_EMPTY_BODY = YES;
				CLANG_WARN_ENUM_CONVERSION = YES;
				CLANG_WARN_INT_CONVERSION = YES;
				CLANG_WARN_OBJC_ROOT_CLASS = YES_ERROR;
				CLANG_WARN_UNREACHABLE_CODE = YES;
				CLANG_WARN__DUPLICATE_METHOD_MATCH = YES;
				CODE_SIGN_IDENTITY = "iPhone Developer";
				"CODE_SIGN_IDENTITY[sdk=iphoneos*]" = "iPhone Developer";
				COPY_PHASE_STRIP = NO;
				ENABLE_STRICT_OBJC_MSGSEND = YES;
				GCC_C_LANGUAGE_STANDARD = gnu99;
				GCC_DYNAMIC_NO_PIC = NO;
				GCC_OPTIMIZATION_LEVEL = 0;
				GCC_PREPROCESSOR_DEFINITIONS = (
					"DEBUG=1",
					"$(inherited)",
				);
				GCC_SYMBOLS_PRIVATE_EXTERN = NO;
				GCC_WARN_64_TO_32_BIT_CONVERSION = YES;
				GCC_WARN_ABOUT_RETURN_TYPE = YES_ERROR;
				GCC_WARN_UNDECLARED_SELECTOR = YES;
				GCC_WARN_UNINITIALIZED_AUTOS = YES_AGGRESSIVE;
				GCC_WARN_UNUSED_FUNCTION = YES;
				GCC_WARN_UNUSED_VARIABLE = YES;
				INFOPLIST_FILE = DemoStoryBoard/Info.plist;
				IPHONEOS_DEPLOYMENT_TARGET = 6.0;
				LD_RUNPATH_SEARCH_PATHS = "$(inherited) @executable_path/Frameworks";
				MTL_ENABLE_DEBUG_INFO = YES;
				ONLY_ACTIVE_ARCH = YES;
				PRODUCT_NAME = "$(TARGET_NAME)";
				SDKROOT = iphoneos;
				TARGETED_DEVICE_FAMILY = "1,2";
			};
			name = Debug;
		};
		749450001A84742C00F6FEFB /* Release */ = {
			isa = XCBuildConfiguration;
			buildSettings = {
				ALWAYS_SEARCH_USER_PATHS = NO;
				ASSETCATALOG_COMPILER_APPICON_NAME = AppIcon;
				CLANG_CXX_LANGUAGE_STANDARD = "gnu++0x";
				CLANG_CXX_LIBRARY = "libc++";
				CLANG_ENABLE_MODULES = YES;
				CLANG_ENABLE_OBJC_ARC = YES;
				CLANG_WARN_BOOL_CONVERSION = YES;
				CLANG_WARN_CONSTANT_CONVERSION = YES;
				CLANG_WARN_DIRECT_OBJC_ISA_USAGE = YES_ERROR;
				CLANG_WARN_EMPTY_BODY = YES;
				CLANG_WARN_ENUM_CONVERSION = YES;
				CLANG_WARN_INT_CONVERSION = YES;
				CLANG_WARN_OBJC_ROOT_CLASS = YES_ERROR;
				CLANG_WARN_UNREACHABLE_CODE = YES;
				CLANG_WARN__DUPLICATE_METHOD_MATCH = YES;
				CODE_SIGN_IDENTITY = "iPhone Developer";
				"CODE_SIGN_IDENTITY[sdk=iphoneos*]" = "iPhone Developer";
				COPY_PHASE_STRIP = YES;
				ENABLE_NS_ASSERTIONS = NO;
				ENABLE_STRICT_OBJC_MSGSEND = YES;
				GCC_C_LANGUAGE_STANDARD = gnu99;
				GCC_WARN_64_TO_32_BIT_CONVERSION = YES;
				GCC_WARN_ABOUT_RETURN_TYPE = YES_ERROR;
				GCC_WARN_UNDECLARED_SELECTOR = YES;
				GCC_WARN_UNINITIALIZED_AUTOS = YES_AGGRESSIVE;
				GCC_WARN_UNUSED_FUNCTION = YES;
				GCC_WARN_UNUSED_VARIABLE = YES;
				INFOPLIST_FILE = DemoStoryBoard/Info.plist;
				IPHONEOS_DEPLOYMENT_TARGET = 6.0;
				LD_RUNPATH_SEARCH_PATHS = "$(inherited) @executable_path/Frameworks";
				MTL_ENABLE_DEBUG_INFO = NO;
				PRODUCT_NAME = "$(TARGET_NAME)";
				SDKROOT = iphoneos;
				TARGETED_DEVICE_FAMILY = "1,2";
				VALIDATE_PRODUCT = YES;
			};
			name = Release;
		};
		749450011A84742C00F6FEFB /* Debug */ = {
			isa = XCBuildConfiguration;
			buildSettings = {
				ALWAYS_SEARCH_USER_PATHS = NO;
				BUNDLE_LOADER = "$(TEST_HOST)";
				CLANG_CXX_LANGUAGE_STANDARD = "gnu++0x";
				CLANG_CXX_LIBRARY = "libc++";
				CLANG_ENABLE_MODULES = YES;
				CLANG_ENABLE_OBJC_ARC = YES;
				CLANG_WARN_BOOL_CONVERSION = YES;
				CLANG_WARN_CONSTANT_CONVERSION = YES;
				CLANG_WARN_DIRECT_OBJC_ISA_USAGE = YES_ERROR;
				CLANG_WARN_EMPTY_BODY = YES;
				CLANG_WARN_ENUM_CONVERSION = YES;
				CLANG_WARN_INT_CONVERSION = YES;
				CLANG_WARN_OBJC_ROOT_CLASS = YES_ERROR;
				CLANG_WARN_UNREACHABLE_CODE = YES;
				CLANG_WARN__DUPLICATE_METHOD_MATCH = YES;
				CODE_SIGN_IDENTITY = "iPhone Developer: Deheng Xu (94RQPAEH7S)";
				COPY_PHASE_STRIP = NO;
				ENABLE_STRICT_OBJC_MSGSEND = YES;
				FRAMEWORK_SEARCH_PATHS = (
					"$(SDKROOT)/Developer/Library/Frameworks",
					"$(inherited)",
				);
				GCC_C_LANGUAGE_STANDARD = gnu99;
				GCC_DYNAMIC_NO_PIC = NO;
				GCC_OPTIMIZATION_LEVEL = 0;
				GCC_PREPROCESSOR_DEFINITIONS = (
					"DEBUG=1",
					"$(inherited)",
				);
				GCC_SYMBOLS_PRIVATE_EXTERN = NO;
				GCC_WARN_64_TO_32_BIT_CONVERSION = YES;
				GCC_WARN_ABOUT_RETURN_TYPE = YES_ERROR;
				GCC_WARN_UNDECLARED_SELECTOR = YES;
				GCC_WARN_UNINITIALIZED_AUTOS = YES_AGGRESSIVE;
				GCC_WARN_UNUSED_FUNCTION = YES;
				GCC_WARN_UNUSED_VARIABLE = YES;
				INFOPLIST_FILE = DemoStoryBoardTests/Info.plist;
				IPHONEOS_DEPLOYMENT_TARGET = 8.2;
				LD_RUNPATH_SEARCH_PATHS = "$(inherited) @executable_path/Frameworks @loader_path/Frameworks";
				MTL_ENABLE_DEBUG_INFO = YES;
				ONLY_ACTIVE_ARCH = YES;
				PRODUCT_NAME = "$(TARGET_NAME)";
				SDKROOT = iphoneos;
				TEST_HOST = "$(BUILT_PRODUCTS_DIR)/DemoStoryBoard.app/DemoStoryBoard";
			};
			name = Debug;
		};
		749450021A84742C00F6FEFB /* Release */ = {
			isa = XCBuildConfiguration;
			buildSettings = {
				ALWAYS_SEARCH_USER_PATHS = NO;
				BUNDLE_LOADER = "$(TEST_HOST)";
				CLANG_CXX_LANGUAGE_STANDARD = "gnu++0x";
				CLANG_CXX_LIBRARY = "libc++";
				CLANG_ENABLE_MODULES = YES;
				CLANG_ENABLE_OBJC_ARC = YES;
				CLANG_WARN_BOOL_CONVERSION = YES;
				CLANG_WARN_CONSTANT_CONVERSION = YES;
				CLANG_WARN_DIRECT_OBJC_ISA_USAGE = YES_ERROR;
				CLANG_WARN_EMPTY_BODY = YES;
				CLANG_WARN_ENUM_CONVERSION = YES;
				CLANG_WARN_INT_CONVERSION = YES;
				CLANG_WARN_OBJC_ROOT_CLASS = YES_ERROR;
				CLANG_WARN_UNREACHABLE_CODE = YES;
				CLANG_WARN__DUPLICATE_METHOD_MATCH = YES;
				CODE_SIGN_IDENTITY = "iPhone Developer: Deheng Xu (94RQPAEH7S)";
				COPY_PHASE_STRIP = YES;
				ENABLE_NS_ASSERTIONS = NO;
				ENABLE_STRICT_OBJC_MSGSEND = YES;
				FRAMEWORK_SEARCH_PATHS = (
					"$(SDKROOT)/Developer/Library/Frameworks",
					"$(inherited)",
				);
				GCC_C_LANGUAGE_STANDARD = gnu99;
				GCC_WARN_64_TO_32_BIT_CONVERSION = YES;
				GCC_WARN_ABOUT_RETURN_TYPE = YES_ERROR;
				GCC_WARN_UNDECLARED_SELECTOR = YES;
				GCC_WARN_UNINITIALIZED_AUTOS = YES_AGGRESSIVE;
				GCC_WARN_UNUSED_FUNCTION = YES;
				GCC_WARN_UNUSED_VARIABLE = YES;
				INFOPLIST_FILE = DemoStoryBoardTests/Info.plist;
				IPHONEOS_DEPLOYMENT_TARGET = 8.2;
				LD_RUNPATH_SEARCH_PATHS = "$(inherited) @executable_path/Frameworks @loader_path/Frameworks";
				MTL_ENABLE_DEBUG_INFO = NO;
				PRODUCT_NAME = "$(TARGET_NAME)";
				SDKROOT = iphoneos;
				TEST_HOST = "$(BUILT_PRODUCTS_DIR)/DemoStoryBoard.app/DemoStoryBoard";
				VALIDATE_PRODUCT = YES;
			};
			name = Release;
		};
		749F234623ED7264000D6559 /* Debug */ = {
			isa = XCBuildConfiguration;
			buildSettings = {
				ALWAYS_SEARCH_USER_PATHS = NO;
				CLANG_ANALYZER_NONNULL = YES;
				CLANG_ANALYZER_NUMBER_OBJECT_CONVERSION = YES_AGGRESSIVE;
				CLANG_CXX_LANGUAGE_STANDARD = "gnu++14";
				CLANG_CXX_LIBRARY = "libc++";
				CLANG_ENABLE_MODULES = YES;
				CLANG_ENABLE_OBJC_ARC = YES;
				CLANG_ENABLE_OBJC_WEAK = YES;
				CLANG_WARN_BLOCK_CAPTURE_AUTORELEASING = YES;
				CLANG_WARN_BOOL_CONVERSION = YES;
				CLANG_WARN_COMMA = YES;
				CLANG_WARN_CONSTANT_CONVERSION = YES;
				CLANG_WARN_DEPRECATED_OBJC_IMPLEMENTATIONS = YES;
				CLANG_WARN_DIRECT_OBJC_ISA_USAGE = YES_ERROR;
				CLANG_WARN_DOCUMENTATION_COMMENTS = YES;
				CLANG_WARN_EMPTY_BODY = YES;
				CLANG_WARN_ENUM_CONVERSION = YES;
				CLANG_WARN_INFINITE_RECURSION = YES;
				CLANG_WARN_INT_CONVERSION = YES;
				CLANG_WARN_NON_LITERAL_NULL_CONVERSION = YES;
				CLANG_WARN_OBJC_IMPLICIT_RETAIN_SELF = YES;
				CLANG_WARN_OBJC_LITERAL_CONVERSION = YES;
				CLANG_WARN_OBJC_ROOT_CLASS = YES_ERROR;
				CLANG_WARN_RANGE_LOOP_ANALYSIS = YES;
				CLANG_WARN_STRICT_PROTOTYPES = YES;
				CLANG_WARN_SUSPICIOUS_MOVE = YES;
				CLANG_WARN_UNGUARDED_AVAILABILITY = YES_AGGRESSIVE;
				CLANG_WARN_UNREACHABLE_CODE = YES;
				CLANG_WARN__DUPLICATE_METHOD_MATCH = YES;
				CODE_SIGN_STYLE = Automatic;
				COPY_PHASE_STRIP = NO;
				CURRENT_PROJECT_VERSION = 0.3000;
				DEBUG_INFORMATION_FORMAT = dwarf;
				DEFINES_MODULE = YES;
				DEVELOPMENT_TEAM = 375GT6S3QN;
				DYLIB_COMPATIBILITY_VERSION = 1;
				DYLIB_CURRENT_VERSION = 1;
				DYLIB_INSTALL_NAME_BASE = "@rpath";
				ENABLE_STRICT_OBJC_MSGSEND = YES;
				ENABLE_TESTABILITY = YES;
				GCC_C_LANGUAGE_STANDARD = gnu11;
				GCC_DYNAMIC_NO_PIC = NO;
				GCC_NO_COMMON_BLOCKS = YES;
				GCC_OPTIMIZATION_LEVEL = 0;
				GCC_PREPROCESSOR_DEFINITIONS = (
					"DEBUG=1",
					"$(inherited)",
				);
				GCC_WARN_64_TO_32_BIT_CONVERSION = YES;
				GCC_WARN_ABOUT_RETURN_TYPE = YES_ERROR;
				GCC_WARN_UNDECLARED_SELECTOR = YES;
				GCC_WARN_UNINITIALIZED_AUTOS = YES_AGGRESSIVE;
				GCC_WARN_UNUSED_FUNCTION = YES;
				GCC_WARN_UNUSED_VARIABLE = YES;
				INFOPLIST_FILE = XAutoLayoutKit/Info.plist;
				INSTALL_PATH = "$(LOCAL_LIBRARY_DIR)/Frameworks";
				IPHONEOS_DEPLOYMENT_TARGET = 11.0;
				LD_RUNPATH_SEARCH_PATHS = "$(inherited) @executable_path/Frameworks @loader_path/Frameworks";
				MTL_ENABLE_DEBUG_INFO = INCLUDE_SOURCE;
				MTL_FAST_MATH = YES;
				PRODUCT_BUNDLE_IDENTIFIER = com.dehengxu.techs.XAutoLayoutKit;
				PRODUCT_NAME = "$(TARGET_NAME:c99extidentifier)";
				SDKROOT = iphoneos;
				SKIP_INSTALL = YES;
				TARGETED_DEVICE_FAMILY = "1,2";
				USER_HEADER_SEARCH_PATHS = "$(SRCROOT)/src";
				VERSIONING_SYSTEM = "apple-generic";
				VERSION_INFO_PREFIX = "";
			};
			name = Debug;
		};
		749F234723ED7264000D6559 /* Release */ = {
			isa = XCBuildConfiguration;
			buildSettings = {
				ALWAYS_SEARCH_USER_PATHS = NO;
				CLANG_ANALYZER_NONNULL = YES;
				CLANG_ANALYZER_NUMBER_OBJECT_CONVERSION = YES_AGGRESSIVE;
				CLANG_CXX_LANGUAGE_STANDARD = "gnu++14";
				CLANG_CXX_LIBRARY = "libc++";
				CLANG_ENABLE_MODULES = YES;
				CLANG_ENABLE_OBJC_ARC = YES;
				CLANG_ENABLE_OBJC_WEAK = YES;
				CLANG_WARN_BLOCK_CAPTURE_AUTORELEASING = YES;
				CLANG_WARN_BOOL_CONVERSION = YES;
				CLANG_WARN_COMMA = YES;
				CLANG_WARN_CONSTANT_CONVERSION = YES;
				CLANG_WARN_DEPRECATED_OBJC_IMPLEMENTATIONS = YES;
				CLANG_WARN_DIRECT_OBJC_ISA_USAGE = YES_ERROR;
				CLANG_WARN_DOCUMENTATION_COMMENTS = YES;
				CLANG_WARN_EMPTY_BODY = YES;
				CLANG_WARN_ENUM_CONVERSION = YES;
				CLANG_WARN_INFINITE_RECURSION = YES;
				CLANG_WARN_INT_CONVERSION = YES;
				CLANG_WARN_NON_LITERAL_NULL_CONVERSION = YES;
				CLANG_WARN_OBJC_IMPLICIT_RETAIN_SELF = YES;
				CLANG_WARN_OBJC_LITERAL_CONVERSION = YES;
				CLANG_WARN_OBJC_ROOT_CLASS = YES_ERROR;
				CLANG_WARN_RANGE_LOOP_ANALYSIS = YES;
				CLANG_WARN_STRICT_PROTOTYPES = YES;
				CLANG_WARN_SUSPICIOUS_MOVE = YES;
				CLANG_WARN_UNGUARDED_AVAILABILITY = YES_AGGRESSIVE;
				CLANG_WARN_UNREACHABLE_CODE = YES;
				CLANG_WARN__DUPLICATE_METHOD_MATCH = YES;
				CODE_SIGN_STYLE = Automatic;
				COPY_PHASE_STRIP = NO;
				CURRENT_PROJECT_VERSION = 0.3000;
				DEBUG_INFORMATION_FORMAT = "dwarf-with-dsym";
				DEFINES_MODULE = YES;
				DEVELOPMENT_TEAM = 375GT6S3QN;
				DYLIB_COMPATIBILITY_VERSION = 1;
				DYLIB_CURRENT_VERSION = 1;
				DYLIB_INSTALL_NAME_BASE = "@rpath";
				ENABLE_NS_ASSERTIONS = NO;
				ENABLE_STRICT_OBJC_MSGSEND = YES;
				GCC_C_LANGUAGE_STANDARD = gnu11;
				GCC_NO_COMMON_BLOCKS = YES;
				GCC_WARN_64_TO_32_BIT_CONVERSION = YES;
				GCC_WARN_ABOUT_RETURN_TYPE = YES_ERROR;
				GCC_WARN_UNDECLARED_SELECTOR = YES;
				GCC_WARN_UNINITIALIZED_AUTOS = YES_AGGRESSIVE;
				GCC_WARN_UNUSED_FUNCTION = YES;
				GCC_WARN_UNUSED_VARIABLE = YES;
				INFOPLIST_FILE = XAutoLayoutKit/Info.plist;
				INSTALL_PATH = "$(LOCAL_LIBRARY_DIR)/Frameworks";
				IPHONEOS_DEPLOYMENT_TARGET = 11.0;
				LD_RUNPATH_SEARCH_PATHS = "$(inherited) @executable_path/Frameworks @loader_path/Frameworks";
				MTL_ENABLE_DEBUG_INFO = NO;
				MTL_FAST_MATH = YES;
				PRODUCT_BUNDLE_IDENTIFIER = com.dehengxu.techs.XAutoLayoutKit;
				PRODUCT_NAME = "$(TARGET_NAME:c99extidentifier)";
				SDKROOT = iphoneos;
				SKIP_INSTALL = YES;
				TARGETED_DEVICE_FAMILY = "1,2";
				USER_HEADER_SEARCH_PATHS = "$(SRCROOT)/src";
				VALIDATE_PRODUCT = YES;
				VERSIONING_SYSTEM = "apple-generic";
				VERSION_INFO_PREFIX = "";
			};
			name = Release;
		};
		749F234823ED7264000D6559 /* Debug */ = {
			isa = XCBuildConfiguration;
			buildSettings = {
				ALWAYS_EMBED_SWIFT_STANDARD_LIBRARIES = YES;
				ALWAYS_SEARCH_USER_PATHS = NO;
				CLANG_ANALYZER_NONNULL = YES;
				CLANG_ANALYZER_NUMBER_OBJECT_CONVERSION = YES_AGGRESSIVE;
				CLANG_CXX_LANGUAGE_STANDARD = "gnu++14";
				CLANG_CXX_LIBRARY = "libc++";
				CLANG_ENABLE_MODULES = YES;
				CLANG_ENABLE_OBJC_ARC = YES;
				CLANG_ENABLE_OBJC_WEAK = YES;
				CLANG_WARN_BLOCK_CAPTURE_AUTORELEASING = YES;
				CLANG_WARN_BOOL_CONVERSION = YES;
				CLANG_WARN_COMMA = YES;
				CLANG_WARN_CONSTANT_CONVERSION = YES;
				CLANG_WARN_DEPRECATED_OBJC_IMPLEMENTATIONS = YES;
				CLANG_WARN_DIRECT_OBJC_ISA_USAGE = YES_ERROR;
				CLANG_WARN_DOCUMENTATION_COMMENTS = YES;
				CLANG_WARN_EMPTY_BODY = YES;
				CLANG_WARN_ENUM_CONVERSION = YES;
				CLANG_WARN_INFINITE_RECURSION = YES;
				CLANG_WARN_INT_CONVERSION = YES;
				CLANG_WARN_NON_LITERAL_NULL_CONVERSION = YES;
				CLANG_WARN_OBJC_IMPLICIT_RETAIN_SELF = YES;
				CLANG_WARN_OBJC_LITERAL_CONVERSION = YES;
				CLANG_WARN_OBJC_ROOT_CLASS = YES_ERROR;
				CLANG_WARN_RANGE_LOOP_ANALYSIS = YES;
				CLANG_WARN_STRICT_PROTOTYPES = YES;
				CLANG_WARN_SUSPICIOUS_MOVE = YES;
				CLANG_WARN_UNGUARDED_AVAILABILITY = YES_AGGRESSIVE;
				CLANG_WARN_UNREACHABLE_CODE = YES;
				CLANG_WARN__DUPLICATE_METHOD_MATCH = YES;
				CODE_SIGN_STYLE = Automatic;
				COPY_PHASE_STRIP = NO;
				DEBUG_INFORMATION_FORMAT = dwarf;
				DEVELOPMENT_TEAM = 375GT6S3QN;
				ENABLE_STRICT_OBJC_MSGSEND = YES;
				ENABLE_TESTABILITY = YES;
				GCC_C_LANGUAGE_STANDARD = gnu11;
				GCC_DYNAMIC_NO_PIC = NO;
				GCC_NO_COMMON_BLOCKS = YES;
				GCC_OPTIMIZATION_LEVEL = 0;
				GCC_PREPROCESSOR_DEFINITIONS = (
					"DEBUG=1",
					"$(inherited)",
				);
				GCC_WARN_64_TO_32_BIT_CONVERSION = YES;
				GCC_WARN_ABOUT_RETURN_TYPE = YES_ERROR;
				GCC_WARN_UNDECLARED_SELECTOR = YES;
				GCC_WARN_UNINITIALIZED_AUTOS = YES_AGGRESSIVE;
				GCC_WARN_UNUSED_FUNCTION = YES;
				GCC_WARN_UNUSED_VARIABLE = YES;
				INFOPLIST_FILE = XAutoLayoutKitTests/Info.plist;
				IPHONEOS_DEPLOYMENT_TARGET = 13.2;
				LD_RUNPATH_SEARCH_PATHS = "$(inherited) @executable_path/Frameworks @loader_path/Frameworks";
				MTL_ENABLE_DEBUG_INFO = INCLUDE_SOURCE;
				MTL_FAST_MATH = YES;
				PRODUCT_BUNDLE_IDENTIFIER = com.dehengxu.techs.XAutoLayoutKitTests;
				PRODUCT_NAME = "$(TARGET_NAME)";
				SDKROOT = iphoneos;
				TARGETED_DEVICE_FAMILY = "1,2";
				TEST_HOST = "$(BUILT_PRODUCTS_DIR)/Demo.app/Demo";
			};
			name = Debug;
		};
		749F234923ED7264000D6559 /* Release */ = {
			isa = XCBuildConfiguration;
			buildSettings = {
				ALWAYS_EMBED_SWIFT_STANDARD_LIBRARIES = YES;
				ALWAYS_SEARCH_USER_PATHS = NO;
				CLANG_ANALYZER_NONNULL = YES;
				CLANG_ANALYZER_NUMBER_OBJECT_CONVERSION = YES_AGGRESSIVE;
				CLANG_CXX_LANGUAGE_STANDARD = "gnu++14";
				CLANG_CXX_LIBRARY = "libc++";
				CLANG_ENABLE_MODULES = YES;
				CLANG_ENABLE_OBJC_ARC = YES;
				CLANG_ENABLE_OBJC_WEAK = YES;
				CLANG_WARN_BLOCK_CAPTURE_AUTORELEASING = YES;
				CLANG_WARN_BOOL_CONVERSION = YES;
				CLANG_WARN_COMMA = YES;
				CLANG_WARN_CONSTANT_CONVERSION = YES;
				CLANG_WARN_DEPRECATED_OBJC_IMPLEMENTATIONS = YES;
				CLANG_WARN_DIRECT_OBJC_ISA_USAGE = YES_ERROR;
				CLANG_WARN_DOCUMENTATION_COMMENTS = YES;
				CLANG_WARN_EMPTY_BODY = YES;
				CLANG_WARN_ENUM_CONVERSION = YES;
				CLANG_WARN_INFINITE_RECURSION = YES;
				CLANG_WARN_INT_CONVERSION = YES;
				CLANG_WARN_NON_LITERAL_NULL_CONVERSION = YES;
				CLANG_WARN_OBJC_IMPLICIT_RETAIN_SELF = YES;
				CLANG_WARN_OBJC_LITERAL_CONVERSION = YES;
				CLANG_WARN_OBJC_ROOT_CLASS = YES_ERROR;
				CLANG_WARN_RANGE_LOOP_ANALYSIS = YES;
				CLANG_WARN_STRICT_PROTOTYPES = YES;
				CLANG_WARN_SUSPICIOUS_MOVE = YES;
				CLANG_WARN_UNGUARDED_AVAILABILITY = YES_AGGRESSIVE;
				CLANG_WARN_UNREACHABLE_CODE = YES;
				CLANG_WARN__DUPLICATE_METHOD_MATCH = YES;
				CODE_SIGN_STYLE = Automatic;
				COPY_PHASE_STRIP = NO;
				DEBUG_INFORMATION_FORMAT = "dwarf-with-dsym";
				DEVELOPMENT_TEAM = 375GT6S3QN;
				ENABLE_NS_ASSERTIONS = NO;
				ENABLE_STRICT_OBJC_MSGSEND = YES;
				GCC_C_LANGUAGE_STANDARD = gnu11;
				GCC_NO_COMMON_BLOCKS = YES;
				GCC_WARN_64_TO_32_BIT_CONVERSION = YES;
				GCC_WARN_ABOUT_RETURN_TYPE = YES_ERROR;
				GCC_WARN_UNDECLARED_SELECTOR = YES;
				GCC_WARN_UNINITIALIZED_AUTOS = YES_AGGRESSIVE;
				GCC_WARN_UNUSED_FUNCTION = YES;
				GCC_WARN_UNUSED_VARIABLE = YES;
				INFOPLIST_FILE = XAutoLayoutKitTests/Info.plist;
				IPHONEOS_DEPLOYMENT_TARGET = 13.2;
				LD_RUNPATH_SEARCH_PATHS = "$(inherited) @executable_path/Frameworks @loader_path/Frameworks";
				MTL_ENABLE_DEBUG_INFO = NO;
				MTL_FAST_MATH = YES;
				PRODUCT_BUNDLE_IDENTIFIER = com.dehengxu.techs.XAutoLayoutKitTests;
				PRODUCT_NAME = "$(TARGET_NAME)";
				SDKROOT = iphoneos;
				TARGETED_DEVICE_FAMILY = "1,2";
				TEST_HOST = "$(BUILT_PRODUCTS_DIR)/Demo.app/Demo";
				VALIDATE_PRODUCT = YES;
			};
			name = Release;
		};
/* End XCBuildConfiguration section */

/* Begin XCConfigurationList section */
		24799C2219FF92F0009250EC /* Build configuration list for PBXProject "XAutoLayoutKit" */ = {
			isa = XCConfigurationList;
			buildConfigurations = (
				24799C2319FF92F0009250EC /* Debug */,
				24799C2419FF92F0009250EC /* Release */,
			);
			defaultConfigurationIsVisible = 0;
			defaultConfigurationName = Release;
		};
		24799C4B19FF937F009250EC /* Build configuration list for PBXNativeTarget "Demo" */ = {
			isa = XCConfigurationList;
			buildConfigurations = (
				24799C4C19FF937F009250EC /* Debug */,
				24799C4D19FF937F009250EC /* Release */,
			);
			defaultConfigurationIsVisible = 0;
			defaultConfigurationName = Release;
		};
		24799C4E19FF937F009250EC /* Build configuration list for PBXNativeTarget "DemoTests" */ = {
			isa = XCConfigurationList;
			buildConfigurations = (
				24799C4F19FF937F009250EC /* Debug */,
				24799C5019FF937F009250EC /* Release */,
			);
			defaultConfigurationIsVisible = 0;
			defaultConfigurationName = Release;
		};
		749450031A84742C00F6FEFB /* Build configuration list for PBXNativeTarget "DemoStoryBoard" */ = {
			isa = XCConfigurationList;
			buildConfigurations = (
				74944FFF1A84742C00F6FEFB /* Debug */,
				749450001A84742C00F6FEFB /* Release */,
			);
			defaultConfigurationIsVisible = 0;
			defaultConfigurationName = Release;
		};
		749450041A84742C00F6FEFB /* Build configuration list for PBXNativeTarget "DemoStoryBoardTests" */ = {
			isa = XCConfigurationList;
			buildConfigurations = (
				749450011A84742C00F6FEFB /* Debug */,
				749450021A84742C00F6FEFB /* Release */,
			);
			defaultConfigurationIsVisible = 0;
			defaultConfigurationName = Release;
		};
		749F234A23ED7264000D6559 /* Build configuration list for PBXNativeTarget "XAutoLayoutKit" */ = {
			isa = XCConfigurationList;
			buildConfigurations = (
				749F234623ED7264000D6559 /* Debug */,
				749F234723ED7264000D6559 /* Release */,
			);
			defaultConfigurationIsVisible = 0;
			defaultConfigurationName = Release;
		};
		749F234B23ED7264000D6559 /* Build configuration list for PBXNativeTarget "XAutoLayoutKitTests" */ = {
			isa = XCConfigurationList;
			buildConfigurations = (
				749F234823ED7264000D6559 /* Debug */,
				749F234923ED7264000D6559 /* Release */,
			);
			defaultConfigurationIsVisible = 0;
			defaultConfigurationName = Release;
		};
/* End XCConfigurationList section */
	};
	rootObject = 24799C1F19FF92F0009250EC /* Project object */;
}
